{
    "name": "react-native-essentials",
    "version": "0.0.1",
    "lockfileVersion": 2,
    "requires": true,
    "packages": {
        "": {
            "version": "0.0.1",
            "devDependencies": {
                "json-concat": "^0.0.1"
            },
            "engines": {
                "vscode": "^1.56.0"
            }
        },
        "node_modules/json-concat": {
            "version": "0.0.1",
            "resolved": "https://registry.npmjs.org/json-concat/-/json-concat-0.0.1.tgz",
            "integrity": "sha1-T2MDycrJTrowu/+R0Tq+oBGMl+I=",
            "dev": true,
            "bin": {
                "json-concat": "bin/json-concat"
            }
        }
    },
    "dependencies": {
        "json-concat": {
            "version": "0.0.1",
            "resolved": "https://registry.npmjs.org/json-concat/-/json-concat-0.0.1.tgz",
            "integrity": "sha1-T2MDycrJTrowu/+R0Tq+oBGMl+I=",
            "dev": true
        }
    }
}
